
Microsoft Visual Studio Solution File, Format Version 12.00
# Visual Studio Version 17
VisualStudioVersion = 17.14.36203.30 d17.14
MinimumVisualStudioVersion = 10.0.40219.1
Project("{FAE04EC0-301F-11D3-BF4B-00C04F79EFBC}") = "Encuesta.Tarea2.MVC", "Encuesta.Tarea2.MVC\Encuesta.Tarea2.MVC.csproj", "{01EBFC46-E564-4B37-82AA-949506CFC7D7}"
EndProject
Global
	GlobalSection(SolutionConfigurationPlatforms) = preSolution
		Debug|Any CPU = Debug|Any CPU
		Release|Any CPU = Release|Any CPU
	EndGlobalSection
	GlobalSection(ProjectConfigurationPlatforms) = postSolution
		{01EBFC46-E564-4B37-82AA-949506CFC7D7}.Debug|Any CPU.ActiveCfg = Debug|Any CPU
		{01EBFC46-E564-4B37-82AA-949506CFC7D7}.Debug|Any CPU.Build.0 = Debug|Any CPU
		{01EBFC46-E564-4B37-82AA-949506CFC7D7}.Release|Any CPU.ActiveCfg = Release|Any CPU
		{01EBFC46-E564-4B37-82AA-949506CFC7D7}.Release|Any CPU.Build.0 = Release|Any CPU
	EndGlobalSection
	GlobalSection(SolutionProperties) = preSolution
		HideSolutionNode = FALSE
	EndGlobalSection
	GlobalSection(ExtensibilityGlobals) = postSolution
		SolutionGuid = {ABE1BAA6-2C35-4BEF-A0D2-53D55DFFC466}
	EndGlobalSection
EndGlobal
